[[package]]
name = "certifi"
version = "2021.10.8"
description = "Python package for providing Mozilla's CA Bundle."
category = "main"
optional = false
python-versions = "*"

[[package]]
name = "chardet"
version = "4.0.0"
description = "Universal encoding detector for Python 2 and 3"
category = "main"
optional = false
python-versions = ">=2.7, !=3.0.*, !=3.1.*, !=3.2.*, !=3.3.*, !=3.4.*"

[[package]]
name = "charset-normalizer"
version = "2.0.12"
description = "The Real First Universal Charset Detector. Open, modern and actively maintained alternative to Chardet."
category = "main"
optional = false
python-versions = ">=3.5.0"

[package.extras]
unicode_backport = ["unicodedata2"]

[[package]]
name = "click"
version = "8.0.4"
description = "Composable command line interface toolkit"
category = "main"
optional = false
python-versions = ">=3.6"

[package.dependencies]
colorama = {version = "*", markers = "platform_system == \"Windows\""}

[[package]]
name = "colorama"
version = "0.4.4"
description = "Cross-platform colored terminal text."
category = "main"
optional = false
python-versions = ">=2.7, !=3.0.*, !=3.1.*, !=3.2.*, !=3.3.*, !=3.4.*"

[[package]]
name = "dnspython"
version = "2.2.0"
description = "DNS toolkit"
category = "main"
optional = false
python-versions = ">=3.6,<4.0"

[package.extras]
dnssec = ["cryptography (>=2.6,<37.0)"]
curio = ["curio (>=1.2,<2.0)", "sniffio (>=1.1,<2.0)"]
doh = ["h2 (>=4.1.0)", "httpx (>=0.21.1)", "requests (>=2.23.0,<3.0.0)", "requests-toolbelt (>=0.9.1,<0.10.0)"]
idna = ["idna (>=2.1,<4.0)"]
trio = ["trio (>=0.14,<0.20)"]
wmi = ["wmi (>=1.5.1,<2.0.0)"]

[[package]]
name = "email-validator"
version = "1.1.3"
description = "A robust email syntax and deliverability validation library for Python 2.x/3.x."
category = "main"
optional = false
python-versions = "!=3.0.*,!=3.1.*,!=3.2.*,!=3.3.*,!=3.4.*,>=2.7"

[package.dependencies]
dnspython = ">=1.15.0"
idna = ">=2.0.0"

[[package]]
name = "fastobo"
version = "0.11.1"
description = "Faultless AST for Open Biomedical Ontologies in Python."
category = "main"
optional = false
python-versions = ">=3.6"

[[package]]
name = "flask"
version = "2.0.3"
description = "A simple framework for building complex web applications."
category = "main"
optional = false
python-versions = ">=3.6"

[package.dependencies]
click = ">=7.1.2"
itsdangerous = ">=2.0"
Jinja2 = ">=3.0"
Werkzeug = ">=2.0"

[package.extras]
async = ["asgiref (>=3.2)"]
dotenv = ["python-dotenv"]

[[package]]
name = "flask-login"
version = "0.5.0"
description = "User session management for Flask"
category = "main"
optional = false
python-versions = "*"

[package.dependencies]
Flask = "*"

[[package]]
name = "flask-mde"
version = "1.2.1"
description = "Pagedown for Flask"
category = "main"
optional = false
python-versions = ">=3.6"

[package.dependencies]
Flask = "*"
WTForms = "*"

[[package]]
name = "flask-sqlalchemy"
version = "2.5.1"
description = "Adds SQLAlchemy support to your Flask application."
category = "main"
optional = false
python-versions = ">= 2.7, != 3.0.*, != 3.1.*, != 3.2.*, != 3.3.*"

[package.dependencies]
Flask = ">=0.10"
SQLAlchemy = ">=0.8.0"

[[package]]
name = "flask-wtf"
version = "1.0.0"
description = "Form rendering, validation, and CSRF protection for Flask with WTForms."
category = "main"
optional = false
python-versions = ">=3.6"

[package.dependencies]
Flask = "*"
itsdangerous = "*"
WTForms = "*"

[package.extras]
email = ["email-validator"]

[[package]]
name = "greenlet"
version = "1.1.2"
description = "Lightweight in-process concurrent programming"
category = "main"
optional = false
python-versions = ">=2.7,!=3.0.*,!=3.1.*,!=3.2.*,!=3.3.*,!=3.4.*"

[package.extras]
docs = ["sphinx"]

[[package]]
name = "idna"
version = "3.3"
description = "Internationalized Domain Names in Applications (IDNA)"
category = "main"
optional = false
python-versions = ">=3.5"

[[package]]
name = "itsdangerous"
version = "2.1.0"
description = "Safely pass data to untrusted environments and back."
category = "main"
optional = false
python-versions = ">=3.7"

[[package]]
name = "jinja2"
version = "3.0.3"
description = "A very fast and expressive template engine."
category = "main"
optional = false
python-versions = ">=3.6"

[package.dependencies]
MarkupSafe = ">=2.0"

[package.extras]
i18n = ["Babel (>=2.7)"]

[[package]]
name = "markupsafe"
version = "2.1.0"
description = "Safely add untrusted strings to HTML/XML markup."
category = "main"
optional = false
python-versions = ">=3.7"

[[package]]
name = "networkx"
version = "2.6.3"
description = "Python package for creating and manipulating graphs and networks"
category = "main"
optional = false
python-versions = ">=3.7"

[package.extras]
default = ["numpy (>=1.19)", "scipy (>=1.5,!=1.6.1)", "matplotlib (>=3.3)", "pandas (>=1.1)"]
developer = ["black (==21.5b1)", "pre-commit (>=2.12)"]
doc = ["sphinx (>=4.0,<5.0)", "pydata-sphinx-theme (>=0.6,<1.0)", "sphinx-gallery (>=0.9,<1.0)", "numpydoc (>=1.1)", "pillow (>=8.2)", "nb2plots (>=0.6)", "texext (>=0.6.6)"]
extra = ["lxml (>=4.5)", "pygraphviz (>=1.7)", "pydot (>=1.4.1)"]
test = ["pytest (>=6.2)", "pytest-cov (>=2.12)", "codecov (>=2.1)"]

[[package]]
name = "pronto"
version = "2.4.4"
description = "Python frontend to ontologies."
category = "main"
optional = false
python-versions = ">=3.6"

[package.dependencies]
chardet = ">=3.0,<5.0"
fastobo = ">=0.11.1,<0.12.0"
networkx = ">=2.3,<3.0"
python-dateutil = ">=2.8,<3.0"

[[package]]
name = "pycountry"
version = "22.1.10"
description = "ISO country, subdivision, language, currency and script definitions and their translations"
category = "main"
optional = false
python-versions = ">=3.5, <4"

[[package]]
name = "python-dateutil"
version = "2.8.2"
description = "Extensions to the standard Python datetime module"
category = "main"
optional = false
python-versions = "!=3.0.*,!=3.1.*,!=3.2.*,>=2.7"

[package.dependencies]
six = ">=1.5"

[[package]]
name = "requests"
version = "2.27.1"
description = "Python HTTP for Humans."
category = "main"
optional = false
python-versions = ">=2.7, !=3.0.*, !=3.1.*, !=3.2.*, !=3.3.*, !=3.4.*, !=3.5.*"

[package.dependencies]
certifi = ">=2017.4.17"
charset-normalizer = {version = ">=2.0.0,<2.1.0", markers = "python_version >= \"3\""}
idna = {version = ">=2.5,<4", markers = "python_version >= \"3\""}
urllib3 = ">=1.21.1,<1.27"

[package.extras]
socks = ["PySocks (>=1.5.6,!=1.5.7)", "win-inet-pton"]
use_chardet_on_py3 = ["chardet (>=3.0.2,<5)"]

[[package]]
name = "six"
version = "1.16.0"
description = "Python 2 and 3 compatibility utilities"
category = "main"
optional = false
python-versions = ">=2.7, !=3.0.*, !=3.1.*, !=3.2.*"

[[package]]
name = "sqlalchemy"
version = "1.4.31"
description = "Database Abstraction Library"
category = "main"
optional = false
python-versions = "!=3.0.*,!=3.1.*,!=3.2.*,!=3.3.*,!=3.4.*,!=3.5.*,>=2.7"

[package.dependencies]
greenlet = {version = "!=0.4.17", markers = "python_version >= \"3\" and (platform_machine == \"aarch64\" or platform_machine == \"ppc64le\" or platform_machine == \"x86_64\" or platform_machine == \"amd64\" or platform_machine == \"AMD64\" or platform_machine == \"win32\" or platform_machine == \"WIN32\")"}

[package.extras]
aiomysql = ["greenlet (!=0.4.17)", "aiomysql"]
aiosqlite = ["typing_extensions (!=3.10.0.1)", "greenlet (!=0.4.17)", "aiosqlite"]
asyncio = ["greenlet (!=0.4.17)"]
asyncmy = ["greenlet (!=0.4.17)", "asyncmy (>=0.2.3)"]
mariadb_connector = ["mariadb (>=1.0.1)"]
mssql = ["pyodbc"]
mssql_pymssql = ["pymssql"]
mssql_pyodbc = ["pyodbc"]
mypy = ["sqlalchemy2-stubs", "mypy (>=0.910)"]
mysql = ["mysqlclient (>=1.4.0,<2)", "mysqlclient (>=1.4.0)"]
mysql_connector = ["mysql-connector-python"]
oracle = ["cx_oracle (>=7,<8)", "cx_oracle (>=7)"]
postgresql = ["psycopg2 (>=2.7)"]
postgresql_asyncpg = ["greenlet (!=0.4.17)", "asyncpg"]
postgresql_pg8000 = ["pg8000 (>=1.16.6)"]
postgresql_psycopg2binary = ["psycopg2-binary"]
postgresql_psycopg2cffi = ["psycopg2cffi"]
pymysql = ["pymysql (<1)", "pymysql"]
sqlcipher = ["sqlcipher3-binary"]

[[package]]
name = "sqlalchemy-continuum"
version = "1.3.12"
description = "Versioning and auditing extension for SQLAlchemy."
category = "main"
optional = false
python-versions = "*"

[package.dependencies]
SQLAlchemy = ">=1.0.8"
SQLAlchemy-Utils = ">=0.30.12"

[package.extras]
anyjson = ["anyjson (>=0.3.3)"]
flask = ["Flask (>=0.9)"]
flask-login = ["Flask-Login (>=0.2.9)"]
flask-sqlalchemy = ["Flask-SQLAlchemy (>=1.0)"]
flexmock = ["flexmock (>=0.9.7)"]
i18n = ["SQLAlchemy-i18n (>=0.8.4,!=1.1.0)"]
test = ["pytest (>=2.3.5)", "flexmock (>=0.9.7)", "psycopg2 (>=2.4.6)", "PyMySQL (>=0.8.0)", "six (>=1.4.0)", "anyjson (>=0.3.3)", "Flask (>=0.9)", "Flask-Login (>=0.2.9)", "Flask-SQLAlchemy (>=1.0)", "SQLAlchemy-i18n (>=0.8.4,!=1.1.0)"]

[[package]]
name = "sqlalchemy-utils"
version = "0.38.2"
description = "Various utility functions for SQLAlchemy."
category = "main"
optional = false
python-versions = "~=3.4"

[package.dependencies]
six = "*"
SQLAlchemy = ">=1.0"

[package.extras]
arrow = ["arrow (>=0.3.4)"]
babel = ["Babel (>=1.3)"]
color = ["colour (>=0.0.4)"]
encrypted = ["cryptography (>=0.6)"]
intervals = ["intervals (>=0.7.1)"]
password = ["passlib (>=1.6,<2.0)"]
pendulum = ["pendulum (>=2.0.5)"]
phone = ["phonenumbers (>=5.9.2)"]
test = ["pytest (>=2.7.1)", "Pygments (>=1.2)", "Jinja2 (>=2.3)", "docutils (>=0.10)", "flexmock (>=0.9.7)", "mock (==2.0.0)", "psycopg2 (>=2.5.1)", "psycopg2cffi (>=2.8.1)", "pg8000 (>=1.12.4)", "pytz (>=2014.2)", "python-dateutil (>=2.6)", "pymysql", "flake8 (>=2.4.0)", "isort (>=4.2.2)", "pyodbc", "backports.zoneinfo"]
test_all = ["Babel (>=1.3)", "Jinja2 (>=2.3)", "Pygments (>=1.2)", "arrow (>=0.3.4)", "colour (>=0.0.4)", "cryptography (>=0.6)", "docutils (>=0.10)", "flake8 (>=2.4.0)", "flexmock (>=0.9.7)", "furl (>=0.4.1)", "intervals (>=0.7.1)", "isort (>=4.2.2)", "mock (==2.0.0)", "passlib (>=1.6,<2.0)", "pendulum (>=2.0.5)", "pg8000 (>=1.12.4)", "phonenumbers (>=5.9.2)", "psycopg2 (>=2.5.1)", "psycopg2cffi (>=2.8.1)", "pymysql", "pyodbc", "pytest (>=2.7.1)", "python-dateutil", "python-dateutil (>=2.6)", "pytz (>=2014.2)", "backports.zoneinfo"]
timezone = ["python-dateutil"]
url = ["furl (>=0.4.1)"]

[[package]]
name = "uk-postcode-utils"
version = "1.1"
description = "Functions for handling UK postcodes."
category = "main"
optional = false
python-versions = "*"

[[package]]
name = "urllib3"
version = "1.26.8"
description = "HTTP library with thread-safe connection pooling, file post, and more."
category = "main"
optional = false
python-versions = ">=2.7, !=3.0.*, !=3.1.*, !=3.2.*, !=3.3.*, !=3.4.*, <4"

[package.extras]
brotli = ["brotlipy (>=0.6.0)"]
secure = ["pyOpenSSL (>=0.14)", "cryptography (>=1.3.4)", "idna (>=2.0.0)", "certifi", "ipaddress"]
socks = ["PySocks (>=1.5.6,!=1.5.7,<2.0)"]

[[package]]
name = "werkzeug"
version = "2.0.3"
description = "The comprehensive WSGI web application library."
category = "main"
optional = false
python-versions = ">=3.6"

[package.extras]
watchdog = ["watchdog"]

[[package]]
name = "wtforms"
version = "3.0.1"
description = "Form validation and rendering for Python web development."
category = "main"
optional = false
python-versions = ">=3.7"

[package.dependencies]
MarkupSafe = "*"

[package.extras]
email = ["email-validator"]

[metadata]
lock-version = "1.1"
python-versions = "^3.10"
content-hash = "1107bc8f700ddb7dcfdbb0e8f11e2fd2c687b5cf29ed47fd93cbcf6072ab855f"

[metadata.files]
certifi = [
    {file = "certifi-2021.10.8-py2.py3-none-any.whl", hash = "sha256:d62a0163eb4c2344ac042ab2bdf75399a71a2d8c7d47eac2e2ee91b9d6339569"},
    {file = "certifi-2021.10.8.tar.gz", hash = "sha256:78884e7c1d4b00ce3cea67b44566851c4343c120abd683433ce934a68ea58872"},
]
chardet = [
    {file = "chardet-4.0.0-py2.py3-none-any.whl", hash = "sha256:f864054d66fd9118f2e67044ac8981a54775ec5b67aed0441892edb553d21da5"},
    {file = "chardet-4.0.0.tar.gz", hash = "sha256:0d6f53a15db4120f2b08c94f11e7d93d2c911ee118b6b30a04ec3ee8310179fa"},
]
charset-normalizer = [
    {file = "charset-normalizer-2.0.12.tar.gz", hash = "sha256:2857e29ff0d34db842cd7ca3230549d1a697f96ee6d3fb071cfa6c7393832597"},
    {file = "charset_normalizer-2.0.12-py3-none-any.whl", hash = "sha256:6881edbebdb17b39b4eaaa821b438bf6eddffb4468cf344f09f89def34a8b1df"},
]
click = [
    {file = "click-8.0.4-py3-none-any.whl", hash = "sha256:6a7a62563bbfabfda3a38f3023a1db4a35978c0abd76f6c9605ecd6554d6d9b1"},
    {file = "click-8.0.4.tar.gz", hash = "sha256:8458d7b1287c5fb128c90e23381cf99dcde74beaf6c7ff6384ce84d6fe090adb"},
]
colorama = [
    {file = "colorama-0.4.4-py2.py3-none-any.whl", hash = "sha256:9f47eda37229f68eee03b24b9748937c7dc3868f906e8ba69fbcbdd3bc5dc3e2"},
    {file = "colorama-0.4.4.tar.gz", hash = "sha256:5941b2b48a20143d2267e95b1c2a7603ce057ee39fd88e7329b0c292aa16869b"},
]
dnspython = [
    {file = "dnspython-2.2.0-py3-none-any.whl", hash = "sha256:081649da27ced5e75709a1ee542136eaba9842a0fe4c03da4fb0a3d3ed1f3c44"},
    {file = "dnspython-2.2.0.tar.gz", hash = "sha256:e79351e032d0b606b98d38a4b0e6e2275b31a5b85c873e587cc11b73aca026d6"},
]
email-validator = [
    {file = "email_validator-1.1.3-py2.py3-none-any.whl", hash = "sha256:5675c8ceb7106a37e40e2698a57c056756bf3f272cfa8682a4f87ebd95d8440b"},
    {file = "email_validator-1.1.3.tar.gz", hash = "sha256:aa237a65f6f4da067119b7df3f13e89c25c051327b2b5b66dc075f33d62480d7"},
]
fastobo = [
    {file = "fastobo-0.11.1-cp310-cp310-macosx_10_15_x86_64.whl", hash = "sha256:80879ce45dfe4457959301b37563b2073bd19f265c9395f5ae99f2eac16f7739"},
    {file = "fastobo-0.11.1-cp310-cp310-manylinux_2_17_aarch64.manylinux2014_aarch64.whl", hash = "sha256:1aaf6aee2d2e2660d6c3eb88ef0d03353e51d7342323e5dae62814cb5e0ca712"},
    {file = "fastobo-0.11.1-cp310-cp310-manylinux_2_5_x86_64.manylinux1_x86_64.manylinux_2_12_x86_64.manylinux2010_x86_64.whl", hash = "sha256:93aa0a3760315de43d6f770d990be2933aa63cb6d425adb25f20413223937c2a"},
    {file = "fastobo-0.11.1-cp36-cp36m-macosx_10_14_x86_64.whl", hash = "sha256:d647a215e9add293636c37a4df3f708d4e85cf87bbaf8f19cd0c5e1c79f51060"},
    {file = "fastobo-0.11.1-cp36-cp36m-manylinux_2_17_aarch64.manylinux2014_aarch64.whl", hash = "sha256:b60fb668178eb07b3952c8a9dea34597c1a019c33d93674dfcbc732d8dcbe7e3"},
    {file = "fastobo-0.11.1-cp36-cp36m-manylinux_2_5_x86_64.manylinux1_x86_64.manylinux_2_12_x86_64.manylinux2010_x86_64.whl", hash = "sha256:130e30d2f20833fd181fb9439404f6f90e7d0ace582a0af11a2d93f5a91c72d4"},
    {file = "fastobo-0.11.1-cp36-cp36m-win_amd64.whl", hash = "sha256:7aa23b8bec6cc89ba383a9535637076d2cfc8e420d3ea41d6ce4be412250a766"},
    {file = "fastobo-0.11.1-cp37-cp37m-macosx_10_14_x86_64.whl", hash = "sha256:cf8f3594e11c3a8e84c4cbf064a2cb02a8601f6a22406ae5607181552cd30fa2"},
    {file = "fastobo-0.11.1-cp37-cp37m-manylinux_2_17_aarch64.manylinux2014_aarch64.whl", hash = "sha256:2e2d6de2a8a2d1416e81a48a966433947145f1186c201eeb5362e80b005afb14"},
    {file = "fastobo-0.11.1-cp37-cp37m-manylinux_2_5_x86_64.manylinux1_x86_64.manylinux_2_12_x86_64.manylinux2010_x86_64.whl", hash = "sha256:a368470a46f8cacf1e75e65aa26c566ba2f60040973357cdb6552c4c077e7e4c"},
    {file = "fastobo-0.11.1-cp37-cp37m-win_amd64.whl", hash = "sha256:2c45bb2cf3eae700d2e92a6280b06ac580b116e6cc3e295074844a24a87b5257"},
    {file = "fastobo-0.11.1-cp38-cp38-macosx_10_14_x86_64.whl", hash = "sha256:159850e7cee0f63b6223ec111c3077c5d73e98ba741d50240bf548630e4e4eae"},
    {file = "fastobo-0.11.1-cp38-cp38-manylinux_2_17_aarch64.manylinux2014_aarch64.whl", hash = "sha256:e71ed4af0acb217c7bb39c322f69cfe0b05cbc603bf1c55ffbb9e1a434dd2f00"},
    {file = "fastobo-0.11.1-cp38-cp38-manylinux_2_5_x86_64.manylinux1_x86_64.manylinux_2_12_x86_64.manylinux2010_x86_64.whl", hash = "sha256:6bd12171b5244a943c37d03d34161a2ced262be8f425e964108114f1c86a0ec0"},
    {file = "fastobo-0.11.1-cp38-cp38-win_amd64.whl", hash = "sha256:466318add3732d95b8c94433f67364d69a102e6e0c03fea92e675a12666802b8"},
    {file = "fastobo-0.11.1-cp39-cp39-macosx_10_15_x86_64.whl", hash = "sha256:be54672b8b022705a5d9038fb0a4af61dd213061dbec15ad979a6ee4254118a9"},
    {file = "fastobo-0.11.1-cp39-cp39-manylinux_2_17_aarch64.manylinux2014_aarch64.whl", hash = "sha256:2cd444acffff0d96754a7fb0d1b41b6c914ec2af297baaf7e833a7ed9423f6a8"},
    {file = "fastobo-0.11.1-cp39-cp39-manylinux_2_5_x86_64.manylinux1_x86_64.manylinux_2_12_x86_64.manylinux2010_x86_64.whl", hash = "sha256:01e5d950d7588f8ddf2d3d966f917e9a4b6639ed6c404a5946c07fcc56224dd3"},
    {file = "fastobo-0.11.1-cp39-cp39-win_amd64.whl", hash = "sha256:a16e0ebc728f940423abac0648e49d0b3d79922822739b929a3ac47a60949798"},
    {file = "fastobo-0.11.1-pp37-pypy37_pp73-macosx_10_9_x86_64.whl", hash = "sha256:0d91e412186afb9e8090fc21ae664fb9165e6c06d5c223a5cb55c1103e5d9fe9"},
    {file = "fastobo-0.11.1.tar.gz", hash = "sha256:4f71dcca4d841496816bba873d6070b6a414cac385a561747e900c740b762ef3"},
]
flask = [
    {file = "Flask-2.0.3-py3-none-any.whl", hash = "sha256:59da8a3170004800a2837844bfa84d49b022550616070f7cb1a659682b2e7c9f"},
    {file = "Flask-2.0.3.tar.gz", hash = "sha256:e1120c228ca2f553b470df4a5fa927ab66258467526069981b3eb0a91902687d"},
]
flask-login = [
    {file = "Flask-Login-0.5.0.tar.gz", hash = "sha256:6d33aef15b5bcead780acc339464aae8a6e28f13c90d8b1cf9de8b549d1c0b4b"},
    {file = "Flask_Login-0.5.0-py2.py3-none-any.whl", hash = "sha256:7451b5001e17837ba58945aead261ba425fdf7b4f0448777e597ddab39f4fba0"},
]
flask-mde = [
    {file = "Flask-MDE-1.2.1.tar.gz", hash = "sha256:4c8513ae352c38542b3c5a764f71aec8214fca1d680764ad4e0fbab2253312f0"},
    {file = "Flask_MDE-1.2.1-py3-none-any.whl", hash = "sha256:43cdec23145445e71b7d0e290d9ccdcf4d74821798a714dd47ea9cbe9d304ada"},
]
flask-sqlalchemy = [
    {file = "Flask-SQLAlchemy-2.5.1.tar.gz", hash = "sha256:2bda44b43e7cacb15d4e05ff3cc1f8bc97936cc464623424102bfc2c35e95912"},
    {file = "Flask_SQLAlchemy-2.5.1-py2.py3-none-any.whl", hash = "sha256:f12c3d4cc5cc7fdcc148b9527ea05671718c3ea45d50c7e732cceb33f574b390"},
]
flask-wtf = [
    {file = "Flask-WTF-1.0.0.tar.gz", hash = "sha256:872fbb17b5888bfc734edbdcf45bc08fb365ca39f69d25dc752465a455517b28"},
    {file = "Flask_WTF-1.0.0-py3-none-any.whl", hash = "sha256:01feccfc395405cea48a3f36c23f0d766e2cc6fd2a5a065ad50ad3e5827ec797"},
]
greenlet = [
    {file = "greenlet-1.1.2-cp27-cp27m-macosx_10_14_x86_64.whl", hash = "sha256:58df5c2a0e293bf665a51f8a100d3e9956febfbf1d9aaf8c0677cf70218910c6"},
    {file = "greenlet-1.1.2-cp27-cp27m-manylinux1_x86_64.whl", hash = "sha256:aec52725173bd3a7b56fe91bc56eccb26fbdff1386ef123abb63c84c5b43b63a"},
    {file = "greenlet-1.1.2-cp27-cp27m-manylinux2010_x86_64.whl", hash = "sha256:833e1551925ed51e6b44c800e71e77dacd7e49181fdc9ac9a0bf3714d515785d"},
    {file = "greenlet-1.1.2-cp27-cp27m-win32.whl", hash = "sha256:aa5b467f15e78b82257319aebc78dd2915e4c1436c3c0d1ad6f53e47ba6e2713"},
    {file = "greenlet-1.1.2-cp27-cp27m-win_amd64.whl", hash = "sha256:40b951f601af999a8bf2ce8c71e8aaa4e8c6f78ff8afae7b808aae2dc50d4c40"},
    {file = "greenlet-1.1.2-cp27-cp27mu-manylinux1_x86_64.whl", hash = "sha256:95e69877983ea39b7303570fa6760f81a3eec23d0e3ab2021b7144b94d06202d"},
    {file = "greenlet-1.1.2-cp27-cp27mu-manylinux2010_x86_64.whl", hash = "sha256:356b3576ad078c89a6107caa9c50cc14e98e3a6c4874a37c3e0273e4baf33de8"},
    {file = "greenlet-1.1.2-cp310-cp310-macosx_10_14_x86_64.whl", hash = "sha256:8639cadfda96737427330a094476d4c7a56ac03de7265622fcf4cfe57c8ae18d"},
    {file = "greenlet-1.1.2-cp310-cp310-manylinux_2_17_aarch64.manylinux2014_aarch64.whl", hash = "sha256:97e5306482182170ade15c4b0d8386ded995a07d7cc2ca8f27958d34d6736497"},
    {file = "greenlet-1.1.2-cp310-cp310-manylinux_2_17_ppc64le.manylinux2014_ppc64le.whl", hash = "sha256:e6a36bb9474218c7a5b27ae476035497a6990e21d04c279884eb10d9b290f1b1"},
    {file = "greenlet-1.1.2-cp310-cp310-manylinux_2_17_x86_64.manylinux2014_x86_64.whl", hash = "sha256:abb7a75ed8b968f3061327c433a0fbd17b729947b400747c334a9c29a9af6c58"},
    {file = "greenlet-1.1.2-cp310-cp310-musllinux_1_1_x86_64.whl", hash = "sha256:b336501a05e13b616ef81ce329c0e09ac5ed8c732d9ba7e3e983fcc1a9e86965"},
    {file = "greenlet-1.1.2-cp310-cp310-win_amd64.whl", hash = "sha256:14d4f3cd4e8b524ae9b8aa567858beed70c392fdec26dbdb0a8a418392e71708"},
    {file = "greenlet-1.1.2-cp35-cp35m-macosx_10_14_x86_64.whl", hash = "sha256:17ff94e7a83aa8671a25bf5b59326ec26da379ace2ebc4411d690d80a7fbcf23"},
    {file = "greenlet-1.1.2-cp35-cp35m-manylinux1_x86_64.whl", hash = "sha256:9f3cba480d3deb69f6ee2c1825060177a22c7826431458c697df88e6aeb3caee"},
    {file = "greenlet-1.1.2-cp35-cp35m-manylinux2010_x86_64.whl", hash = "sha256:fa877ca7f6b48054f847b61d6fa7bed5cebb663ebc55e018fda12db09dcc664c"},
    {file = "greenlet-1.1.2-cp35-cp35m-win32.whl", hash = "sha256:7cbd7574ce8e138bda9df4efc6bf2ab8572c9aff640d8ecfece1b006b68da963"},
    {file = "greenlet-1.1.2-cp35-cp35m-win_amd64.whl", hash = "sha256:903bbd302a2378f984aef528f76d4c9b1748f318fe1294961c072bdc7f2ffa3e"},
    {file = "greenlet-1.1.2-cp36-cp36m-macosx_10_14_x86_64.whl", hash = "sha256:049fe7579230e44daef03a259faa24511d10ebfa44f69411d99e6a184fe68073"},
    {file = "greenlet-1.1.2-cp36-cp36m-manylinux1_x86_64.whl", hash = "sha256:dd0b1e9e891f69e7675ba5c92e28b90eaa045f6ab134ffe70b52e948aa175b3c"},
    {file = "greenlet-1.1.2-cp36-cp36m-manylinux2010_x86_64.whl", hash = "sha256:7418b6bfc7fe3331541b84bb2141c9baf1ec7132a7ecd9f375912eca810e714e"},
    {file = "greenlet-1.1.2-cp36-cp36m-manylinux_2_17_aarch64.manylinux2014_aarch64.whl", hash = "sha256:f9d29ca8a77117315101425ec7ec2a47a22ccf59f5593378fc4077ac5b754fce"},
    {file = "greenlet-1.1.2-cp36-cp36m-manylinux_2_17_ppc64le.manylinux2014_ppc64le.whl", hash = "sha256:21915eb821a6b3d9d8eefdaf57d6c345b970ad722f856cd71739493ce003ad08"},
    {file = "greenlet-1.1.2-cp36-cp36m-manylinux_2_17_x86_64.manylinux2014_x86_64.whl", hash = "sha256:eff9d20417ff9dcb0d25e2defc2574d10b491bf2e693b4e491914738b7908168"},
    {file = "greenlet-1.1.2-cp36-cp36m-musllinux_1_1_x86_64.whl", hash = "sha256:b8c008de9d0daba7b6666aa5bbfdc23dcd78cafc33997c9b7741ff6353bafb7f"},
    {file = "greenlet-1.1.2-cp36-cp36m-win32.whl", hash = "sha256:32ca72bbc673adbcfecb935bb3fb1b74e663d10a4b241aaa2f5a75fe1d1f90aa"},
    {file = "greenlet-1.1.2-cp36-cp36m-win_amd64.whl", hash = "sha256:f0214eb2a23b85528310dad848ad2ac58e735612929c8072f6093f3585fd342d"},
    {file = "greenlet-1.1.2-cp37-cp37m-macosx_10_14_x86_64.whl", hash = "sha256:b92e29e58bef6d9cfd340c72b04d74c4b4e9f70c9fa7c78b674d1fec18896dc4"},
    {file = "greenlet-1.1.2-cp37-cp37m-manylinux1_x86_64.whl", hash = "sha256:fdcec0b8399108577ec290f55551d926d9a1fa6cad45882093a7a07ac5ec147b"},
    {file = "greenlet-1.1.2-cp37-cp37m-manylinux2010_x86_64.whl", hash = "sha256:93f81b134a165cc17123626ab8da2e30c0455441d4ab5576eed73a64c025b25c"},
    {file = "greenlet-1.1.2-cp37-cp37m-manylinux_2_17_aarch64.manylinux2014_aarch64.whl", hash = "sha256:1e12bdc622676ce47ae9abbf455c189e442afdde8818d9da983085df6312e7a1"},
    {file = "greenlet-1.1.2-cp37-cp37m-manylinux_2_17_ppc64le.manylinux2014_ppc64le.whl", hash = "sha256:8c790abda465726cfb8bb08bd4ca9a5d0a7bd77c7ac1ca1b839ad823b948ea28"},
    {file = "greenlet-1.1.2-cp37-cp37m-manylinux_2_17_x86_64.manylinux2014_x86_64.whl", hash = "sha256:f276df9830dba7a333544bd41070e8175762a7ac20350786b322b714b0e654f5"},
    {file = "greenlet-1.1.2-cp37-cp37m-musllinux_1_1_x86_64.whl", hash = "sha256:8c5d5b35f789a030ebb95bff352f1d27a93d81069f2adb3182d99882e095cefe"},
    {file = "greenlet-1.1.2-cp37-cp37m-win32.whl", hash = "sha256:64e6175c2e53195278d7388c454e0b30997573f3f4bd63697f88d855f7a6a1fc"},
    {file = "greenlet-1.1.2-cp37-cp37m-win_amd64.whl", hash = "sha256:b11548073a2213d950c3f671aa88e6f83cda6e2fb97a8b6317b1b5b33d850e06"},
    {file = "greenlet-1.1.2-cp38-cp38-macosx_10_14_x86_64.whl", hash = "sha256:9633b3034d3d901f0a46b7939f8c4d64427dfba6bbc5a36b1a67364cf148a1b0"},
    {file = "greenlet-1.1.2-cp38-cp38-manylinux1_x86_64.whl", hash = "sha256:eb6ea6da4c787111adf40f697b4e58732ee0942b5d3bd8f435277643329ba627"},
    {file = "greenlet-1.1.2-cp38-cp38-manylinux2010_x86_64.whl", hash = "sha256:f3acda1924472472ddd60c29e5b9db0cec629fbe3c5c5accb74d6d6d14773478"},
    {file = "greenlet-1.1.2-cp38-cp38-manylinux_2_17_aarch64.manylinux2014_aarch64.whl", hash = "sha256:e859fcb4cbe93504ea18008d1df98dee4f7766db66c435e4882ab35cf70cac43"},
    {file = "greenlet-1.1.2-cp38-cp38-manylinux_2_17_ppc64le.manylinux2014_ppc64le.whl", hash = "sha256:00e44c8afdbe5467e4f7b5851be223be68adb4272f44696ee71fe46b7036a711"},
    {file = "greenlet-1.1.2-cp38-cp38-manylinux_2_17_x86_64.manylinux2014_x86_64.whl", hash = "sha256:ec8c433b3ab0419100bd45b47c9c8551248a5aee30ca5e9d399a0b57ac04651b"},
    {file = "greenlet-1.1.2-cp38-cp38-musllinux_1_1_x86_64.whl", hash = "sha256:2bde6792f313f4e918caabc46532aa64aa27a0db05d75b20edfc5c6f46479de2"},
    {file = "greenlet-1.1.2-cp38-cp38-win32.whl", hash = "sha256:288c6a76705dc54fba69fbcb59904ae4ad768b4c768839b8ca5fdadec6dd8cfd"},
    {file = "greenlet-1.1.2-cp38-cp38-win_amd64.whl", hash = "sha256:8d2f1fb53a421b410751887eb4ff21386d119ef9cde3797bf5e7ed49fb51a3b3"},
    {file = "greenlet-1.1.2-cp39-cp39-macosx_10_14_x86_64.whl", hash = "sha256:166eac03e48784a6a6e0e5f041cfebb1ab400b394db188c48b3a84737f505b67"},
    {file = "greenlet-1.1.2-cp39-cp39-manylinux1_x86_64.whl", hash = "sha256:572e1787d1460da79590bf44304abbc0a2da944ea64ec549188fa84d89bba7ab"},
    {file = "greenlet-1.1.2-cp39-cp39-manylinux2010_x86_64.whl", hash = "sha256:be5f425ff1f5f4b3c1e33ad64ab994eed12fc284a6ea71c5243fd564502ecbe5"},
    {file = "greenlet-1.1.2-cp39-cp39-manylinux_2_17_aarch64.manylinux2014_aarch64.whl", hash = "sha256:b1692f7d6bc45e3200844be0dba153612103db241691088626a33ff1f24a0d88"},
    {file = "greenlet-1.1.2-cp39-cp39-manylinux_2_17_ppc64le.manylinux2014_ppc64le.whl", hash = "sha256:7227b47e73dedaa513cdebb98469705ef0d66eb5a1250144468e9c3097d6b59b"},
    {file = "greenlet-1.1.2-cp39-cp39-manylinux_2_17_x86_64.manylinux2014_x86_64.whl", hash = "sha256:7ff61ff178250f9bb3cd89752df0f1dd0e27316a8bd1465351652b1b4a4cdfd3"},
    {file = "greenlet-1.1.2-cp39-cp39-musllinux_1_1_x86_64.whl", hash = "sha256:0051c6f1f27cb756ffc0ffbac7d2cd48cb0362ac1736871399a739b2885134d3"},
    {file = "greenlet-1.1.2-cp39-cp39-win32.whl", hash = "sha256:f70a9e237bb792c7cc7e44c531fd48f5897961701cdaa06cf22fc14965c496cf"},
    {file = "greenlet-1.1.2-cp39-cp39-win_amd64.whl", hash = "sha256:013d61294b6cd8fe3242932c1c5e36e5d1db2c8afb58606c5a67efce62c1f5fd"},
    {file = "greenlet-1.1.2.tar.gz", hash = "sha256:e30f5ea4ae2346e62cedde8794a56858a67b878dd79f7df76a0767e356b1744a"},
]
idna = [
    {file = "idna-3.3-py3-none-any.whl", hash = "sha256:84d9dd047ffa80596e0f246e2eab0b391788b0503584e8945f2368256d2735ff"},
    {file = "idna-3.3.tar.gz", hash = "sha256:9d643ff0a55b762d5cdb124b8eaa99c66322e2157b69160bc32796e824360e6d"},
]
itsdangerous = [
    {file = "itsdangerous-2.1.0-py3-none-any.whl", hash = "sha256:29285842166554469a56d427addc0843914172343784cb909695fdbe90a3e129"},
    {file = "itsdangerous-2.1.0.tar.gz", hash = "sha256:d848fcb8bc7d507c4546b448574e8a44fc4ea2ba84ebf8d783290d53e81992f5"},
]
jinja2 = [
    {file = "Jinja2-3.0.3-py3-none-any.whl", hash = "sha256:077ce6014f7b40d03b47d1f1ca4b0fc8328a692bd284016f806ed0eaca390ad8"},
    {file = "Jinja2-3.0.3.tar.gz", hash = "sha256:611bb273cd68f3b993fabdc4064fc858c5b47a973cb5aa7999ec1ba405c87cd7"},
]
markupsafe = [
    {file = "MarkupSafe-2.1.0-cp310-cp310-macosx_10_9_universal2.whl", hash = "sha256:3028252424c72b2602a323f70fbf50aa80a5d3aa616ea6add4ba21ae9cc9da4c"},
    {file = "MarkupSafe-2.1.0-cp310-cp310-macosx_10_9_x86_64.whl", hash = "sha256:290b02bab3c9e216da57c1d11d2ba73a9f73a614bbdcc027d299a60cdfabb11a"},
    {file = "MarkupSafe-2.1.0-cp310-cp310-manylinux_2_17_aarch64.manylinux2014_aarch64.whl", hash = "sha256:6e104c0c2b4cd765b4e83909cde7ec61a1e313f8a75775897db321450e928cce"},
    {file = "MarkupSafe-2.1.0-cp310-cp310-manylinux_2_17_x86_64.manylinux2014_x86_64.whl", hash = "sha256:24c3be29abb6b34052fd26fc7a8e0a49b1ee9d282e3665e8ad09a0a68faee5b3"},
    {file = "MarkupSafe-2.1.0-cp310-cp310-manylinux_2_5_i686.manylinux1_i686.manylinux_2_17_i686.manylinux2014_i686.whl", hash = "sha256:204730fd5fe2fe3b1e9ccadb2bd18ba8712b111dcabce185af0b3b5285a7c989"},
    {file = "MarkupSafe-2.1.0-cp310-cp310-musllinux_1_1_aarch64.whl", hash = "sha256:d3b64c65328cb4cd252c94f83e66e3d7acf8891e60ebf588d7b493a55a1dbf26"},
    {file = "MarkupSafe-2.1.0-cp310-cp310-musllinux_1_1_i686.whl", hash = "sha256:96de1932237abe0a13ba68b63e94113678c379dca45afa040a17b6e1ad7ed076"},
    {file = "MarkupSafe-2.1.0-cp310-cp310-musllinux_1_1_x86_64.whl", hash = "sha256:75bb36f134883fdbe13d8e63b8675f5f12b80bb6627f7714c7d6c5becf22719f"},
    {file = "MarkupSafe-2.1.0-cp310-cp310-win32.whl", hash = "sha256:4056f752015dfa9828dce3140dbadd543b555afb3252507348c493def166d454"},
    {file = "MarkupSafe-2.1.0-cp310-cp310-win_amd64.whl", hash = "sha256:d4e702eea4a2903441f2735799d217f4ac1b55f7d8ad96ab7d4e25417cb0827c"},
    {file = "MarkupSafe-2.1.0-cp37-cp37m-macosx_10_9_x86_64.whl", hash = "sha256:f0eddfcabd6936558ec020130f932d479930581171368fd728efcfb6ef0dd357"},
    {file = "MarkupSafe-2.1.0-cp37-cp37m-manylinux_2_17_aarch64.manylinux2014_aarch64.whl", hash = "sha256:5ddea4c352a488b5e1069069f2f501006b1a4362cb906bee9a193ef1245a7a61"},
    {file = "MarkupSafe-2.1.0-cp37-cp37m-manylinux_2_17_x86_64.manylinux2014_x86_64.whl", hash = "sha256:09c86c9643cceb1d87ca08cdc30160d1b7ab49a8a21564868921959bd16441b8"},
    {file = "MarkupSafe-2.1.0-cp37-cp37m-manylinux_2_5_i686.manylinux1_i686.manylinux_2_17_i686.manylinux2014_i686.whl", hash = "sha256:a0a0abef2ca47b33fb615b491ce31b055ef2430de52c5b3fb19a4042dbc5cadb"},
    {file = "MarkupSafe-2.1.0-cp37-cp37m-musllinux_1_1_aarch64.whl", hash = "sha256:736895a020e31b428b3382a7887bfea96102c529530299f426bf2e636aacec9e"},
    {file = "MarkupSafe-2.1.0-cp37-cp37m-musllinux_1_1_i686.whl", hash = "sha256:679cbb78914ab212c49c67ba2c7396dc599a8479de51b9a87b174700abd9ea49"},
    {file = "MarkupSafe-2.1.0-cp37-cp37m-musllinux_1_1_x86_64.whl", hash = "sha256:84ad5e29bf8bab3ad70fd707d3c05524862bddc54dc040982b0dbcff36481de7"},
    {file = "MarkupSafe-2.1.0-cp37-cp37m-win32.whl", hash = "sha256:8da5924cb1f9064589767b0f3fc39d03e3d0fb5aa29e0cb21d43106519bd624a"},
    {file = "MarkupSafe-2.1.0-cp37-cp37m-win_amd64.whl", hash = "sha256:454ffc1cbb75227d15667c09f164a0099159da0c1f3d2636aa648f12675491ad"},
    {file = "MarkupSafe-2.1.0-cp38-cp38-macosx_10_9_universal2.whl", hash = "sha256:142119fb14a1ef6d758912b25c4e803c3ff66920635c44078666fe7cc3f8f759"},
    {file = "MarkupSafe-2.1.0-cp38-cp38-macosx_10_9_x86_64.whl", hash = "sha256:b2a5a856019d2833c56a3dcac1b80fe795c95f401818ea963594b345929dffa7"},
    {file = "MarkupSafe-2.1.0-cp38-cp38-manylinux_2_17_aarch64.manylinux2014_aarch64.whl", hash = "sha256:1d1fb9b2eec3c9714dd936860850300b51dbaa37404209c8d4cb66547884b7ed"},
    {file = "MarkupSafe-2.1.0-cp38-cp38-manylinux_2_17_x86_64.manylinux2014_x86_64.whl", hash = "sha256:62c0285e91414f5c8f621a17b69fc0088394ccdaa961ef469e833dbff64bd5ea"},
    {file = "MarkupSafe-2.1.0-cp38-cp38-manylinux_2_5_i686.manylinux1_i686.manylinux_2_17_i686.manylinux2014_i686.whl", hash = "sha256:fc3150f85e2dbcf99e65238c842d1cfe69d3e7649b19864c1cc043213d9cd730"},
    {file = "MarkupSafe-2.1.0-cp38-cp38-musllinux_1_1_aarch64.whl", hash = "sha256:f02cf7221d5cd915d7fa58ab64f7ee6dd0f6cddbb48683debf5d04ae9b1c2cc1"},
    {file = "MarkupSafe-2.1.0-cp38-cp38-musllinux_1_1_i686.whl", hash = "sha256:d5653619b3eb5cbd35bfba3c12d575db2a74d15e0e1c08bf1db788069d410ce8"},
    {file = "MarkupSafe-2.1.0-cp38-cp38-musllinux_1_1_x86_64.whl", hash = "sha256:7d2f5d97fcbd004c03df8d8fe2b973fe2b14e7bfeb2cfa012eaa8759ce9a762f"},
    {file = "MarkupSafe-2.1.0-cp38-cp38-win32.whl", hash = "sha256:3cace1837bc84e63b3fd2dfce37f08f8c18aeb81ef5cf6bb9b51f625cb4e6cd8"},
    {file = "MarkupSafe-2.1.0-cp38-cp38-win_amd64.whl", hash = "sha256:fabbe18087c3d33c5824cb145ffca52eccd053061df1d79d4b66dafa5ad2a5ea"},
    {file = "MarkupSafe-2.1.0-cp39-cp39-macosx_10_9_universal2.whl", hash = "sha256:023af8c54fe63530545f70dd2a2a7eed18d07a9a77b94e8bf1e2ff7f252db9a3"},
    {file = "MarkupSafe-2.1.0-cp39-cp39-macosx_10_9_x86_64.whl", hash = "sha256:d66624f04de4af8bbf1c7f21cc06649c1c69a7f84109179add573ce35e46d448"},
    {file = "MarkupSafe-2.1.0-cp39-cp39-manylinux_2_17_aarch64.manylinux2014_aarch64.whl", hash = "sha256:c532d5ab79be0199fa2658e24a02fce8542df196e60665dd322409a03db6a52c"},
    {file = "MarkupSafe-2.1.0-cp39-cp39-manylinux_2_17_x86_64.manylinux2014_x86_64.whl", hash = "sha256:e67ec74fada3841b8c5f4c4f197bea916025cb9aa3fe5abf7d52b655d042f956"},
    {file = "MarkupSafe-2.1.0-cp39-cp39-manylinux_2_5_i686.manylinux1_i686.manylinux_2_17_i686.manylinux2014_i686.whl", hash = "sha256:30c653fde75a6e5eb814d2a0a89378f83d1d3f502ab710904ee585c38888816c"},
    {file = "MarkupSafe-2.1.0-cp39-cp39-musllinux_1_1_aarch64.whl", hash = "sha256:961eb86e5be7d0973789f30ebcf6caab60b844203f4396ece27310295a6082c7"},
    {file = "MarkupSafe-2.1.0-cp39-cp39-musllinux_1_1_i686.whl", hash = "sha256:598b65d74615c021423bd45c2bc5e9b59539c875a9bdb7e5f2a6b92dfcfc268d"},
    {file = "MarkupSafe-2.1.0-cp39-cp39-musllinux_1_1_x86_64.whl", hash = "sha256:599941da468f2cf22bf90a84f6e2a65524e87be2fce844f96f2dd9a6c9d1e635"},
    {file = "MarkupSafe-2.1.0-cp39-cp39-win32.whl", hash = "sha256:e6f7f3f41faffaea6596da86ecc2389672fa949bd035251eab26dc6697451d05"},
    {file = "MarkupSafe-2.1.0-cp39-cp39-win_amd64.whl", hash = "sha256:b8811d48078d1cf2a6863dafb896e68406c5f513048451cd2ded0473133473c7"},
    {file = "MarkupSafe-2.1.0.tar.gz", hash = "sha256:80beaf63ddfbc64a0452b841d8036ca0611e049650e20afcb882f5d3c266d65f"},
]
networkx = [
    {file = "networkx-2.6.3-py3-none-any.whl", hash = "sha256:80b6b89c77d1dfb64a4c7854981b60aeea6360ac02c6d4e4913319e0a313abef"},
    {file = "networkx-2.6.3.tar.gz", hash = "sha256:c0946ed31d71f1b732b5aaa6da5a0388a345019af232ce2f49c766e2d6795c51"},
]
pronto = [
    {file = "pronto-2.4.4-py2.py3-none-any.whl", hash = "sha256:100acbb557d795efafbc83d3d1eca692489446b8b99b069aa30c432e64afe934"},
    {file = "pronto-2.4.4.tar.gz", hash = "sha256:17285b99ac374162aee29a6631cbb32e8b3969db55befa1bb2e01aedc8872e70"},
]
pycountry = [
    {file = "pycountry-22.1.10.tar.gz", hash = "sha256:b9a6d9cdbf53f81ccdf73f6f5de01b0d8493cab2213a230af3e34458de85ea32"},
]
python-dateutil = [
    {file = "python-dateutil-2.8.2.tar.gz", hash = "sha256:0123cacc1627ae19ddf3c27a5de5bd67ee4586fbdd6440d9748f8abb483d3e86"},
    {file = "python_dateutil-2.8.2-py2.py3-none-any.whl", hash = "sha256:961d03dc3453ebbc59dbdea9e4e11c5651520a876d0f4db161e8674aae935da9"},
]
requests = [
    {file = "requests-2.27.1-py2.py3-none-any.whl", hash = "sha256:f22fa1e554c9ddfd16e6e41ac79759e17be9e492b3587efa038054674760e72d"},
    {file = "requests-2.27.1.tar.gz", hash = "sha256:68d7c56fd5a8999887728ef304a6d12edc7be74f1cfa47714fc8b414525c9a61"},
]
six = [
    {file = "six-1.16.0-py2.py3-none-any.whl", hash = "sha256:8abb2f1d86890a2dfb989f9a77cfcfd3e47c2a354b01111771326f8aa26e0254"},
    {file = "six-1.16.0.tar.gz", hash = "sha256:1e61c37477a1626458e36f7b1d82aa5c9b094fa4802892072e49de9c60c4c926"},
]
sqlalchemy = [
    {file = "SQLAlchemy-1.4.31-cp27-cp27m-macosx_10_14_x86_64.whl", hash = "sha256:c3abc34fed19fdeaead0ced8cf56dd121f08198008c033596aa6aae7cc58f59f"},
    {file = "SQLAlchemy-1.4.31-cp27-cp27m-manylinux_2_5_x86_64.manylinux1_x86_64.whl", hash = "sha256:8d0949b11681380b4a50ac3cd075e4816afe9fa4a8c8ae006c1ca26f0fa40ad8"},
    {file = "SQLAlchemy-1.4.31-cp27-cp27m-win32.whl", hash = "sha256:f3b7ec97e68b68cb1f9ddb82eda17b418f19a034fa8380a0ac04e8fe01532875"},
    {file = "SQLAlchemy-1.4.31-cp27-cp27m-win_amd64.whl", hash = "sha256:81f2dd355b57770fdf292b54f3e0a9823ec27a543f947fa2eb4ec0df44f35f0d"},
    {file = "SQLAlchemy-1.4.31-cp27-cp27mu-manylinux_2_5_x86_64.manylinux1_x86_64.whl", hash = "sha256:4ad31cec8b49fd718470328ad9711f4dc703507d434fd45461096da0a7135ee0"},
    {file = "SQLAlchemy-1.4.31-cp310-cp310-macosx_10_15_x86_64.whl", hash = "sha256:05fa14f279d43df68964ad066f653193187909950aa0163320b728edfc400167"},
    {file = "SQLAlchemy-1.4.31-cp310-cp310-manylinux_2_17_aarch64.manylinux2014_aarch64.whl", hash = "sha256:dccff41478050e823271642837b904d5f9bda3f5cf7d371ce163f00a694118d6"},
    {file = "SQLAlchemy-1.4.31-cp310-cp310-manylinux_2_5_x86_64.manylinux1_x86_64.manylinux_2_12_x86_64.manylinux2010_x86_64.whl", hash = "sha256:57205844f246bab9b666a32f59b046add8995c665d9ecb2b7b837b087df90639"},
    {file = "SQLAlchemy-1.4.31-cp310-cp310-manylinux_2_5_x86_64.manylinux1_x86_64.manylinux_2_17_x86_64.manylinux2014_x86_64.whl", hash = "sha256:ea8210090a816d48a4291a47462bac750e3bc5c2442e6d64f7b8137a7c3f9ac5"},
    {file = "SQLAlchemy-1.4.31-cp310-cp310-win32.whl", hash = "sha256:2e216c13ecc7fcdcbb86bb3225425b3ed338e43a8810c7089ddb472676124b9b"},
    {file = "SQLAlchemy-1.4.31-cp310-cp310-win_amd64.whl", hash = "sha256:e3a86b59b6227ef72ffc10d4b23f0fe994bef64d4667eab4fb8cd43de4223bec"},
    {file = "SQLAlchemy-1.4.31-cp36-cp36m-macosx_10_14_x86_64.whl", hash = "sha256:2fd4d3ca64c41dae31228b80556ab55b6489275fb204827f6560b65f95692cf3"},
    {file = "SQLAlchemy-1.4.31-cp36-cp36m-manylinux_2_17_aarch64.manylinux2014_aarch64.whl", hash = "sha256:6f22c040d196f841168b1456e77c30a18a3dc16b336ddbc5a24ce01ab4e95ae0"},
    {file = "SQLAlchemy-1.4.31-cp36-cp36m-manylinux_2_5_x86_64.manylinux1_x86_64.manylinux_2_12_x86_64.manylinux2010_x86_64.whl", hash = "sha256:c0c7171aa5a57e522a04a31b84798b6c926234cb559c0939840c3235cf068813"},
    {file = "SQLAlchemy-1.4.31-cp36-cp36m-manylinux_2_5_x86_64.manylinux1_x86_64.manylinux_2_17_x86_64.manylinux2014_x86_64.whl", hash = "sha256:d046a9aeba9bc53e88a41e58beb72b6205abb9a20f6c136161adf9128e589db5"},
    {file = "SQLAlchemy-1.4.31-cp36-cp36m-win32.whl", hash = "sha256:d86132922531f0dc5a4f424c7580a472a924dd737602638e704841c9cb24aea2"},
    {file = "SQLAlchemy-1.4.31-cp36-cp36m-win_amd64.whl", hash = "sha256:ca68c52e3cae491ace2bf39b35fef4ce26c192fd70b4cd90f040d419f70893b5"},
    {file = "SQLAlchemy-1.4.31-cp37-cp37m-macosx_10_14_x86_64.whl", hash = "sha256:cf2cd387409b12d0a8b801610d6336ee7d24043b6dd965950eaec09b73e7262f"},
    {file = "SQLAlchemy-1.4.31-cp37-cp37m-manylinux_2_17_aarch64.manylinux2014_aarch64.whl", hash = "sha256:bb4b15fb1f0aafa65cbdc62d3c2078bea1ceecbfccc9a1f23a2113c9ac1191fa"},
    {file = "SQLAlchemy-1.4.31-cp37-cp37m-manylinux_2_5_x86_64.manylinux1_x86_64.manylinux_2_12_x86_64.manylinux2010_x86_64.whl", hash = "sha256:c317ddd7c586af350a6aef22b891e84b16bff1a27886ed5b30f15c1ed59caeaa"},
    {file = "SQLAlchemy-1.4.31-cp37-cp37m-manylinux_2_5_x86_64.manylinux1_x86_64.manylinux_2_17_x86_64.manylinux2014_x86_64.whl", hash = "sha256:3c7ed6c69debaf6198fadb1c16ae1253a29a7670bbf0646f92582eb465a0b999"},
    {file = "SQLAlchemy-1.4.31-cp37-cp37m-win32.whl", hash = "sha256:6a01ec49ca54ce03bc14e10de55dfc64187a2194b3b0e5ac0fdbe9b24767e79e"},
    {file = "SQLAlchemy-1.4.31-cp37-cp37m-win_amd64.whl", hash = "sha256:330eb45395874cc7787214fdd4489e2afb931bc49e0a7a8f9cd56d6e9c5b1639"},
    {file = "SQLAlchemy-1.4.31-cp38-cp38-macosx_10_14_x86_64.whl", hash = "sha256:5e9c7b3567edbc2183607f7d9f3e7e89355b8f8984eec4d2cd1e1513c8f7b43f"},
    {file = "SQLAlchemy-1.4.31-cp38-cp38-manylinux_2_17_aarch64.manylinux2014_aarch64.whl", hash = "sha256:de85c26a5a1c72e695ab0454e92f60213b4459b8d7c502e0be7a6369690eeb1a"},
    {file = "SQLAlchemy-1.4.31-cp38-cp38-manylinux_2_5_x86_64.manylinux1_x86_64.manylinux_2_12_x86_64.manylinux2010_x86_64.whl", hash = "sha256:975f5c0793892c634c4920057da0de3a48bbbbd0a5c86f5fcf2f2fedf41b76da"},
    {file = "SQLAlchemy-1.4.31-cp38-cp38-manylinux_2_5_x86_64.manylinux1_x86_64.manylinux_2_17_x86_64.manylinux2014_x86_64.whl", hash = "sha256:d5c20c8415173b119762b6110af64448adccd4d11f273fb9f718a9865b88a99c"},
    {file = "SQLAlchemy-1.4.31-cp38-cp38-win32.whl", hash = "sha256:b35dca159c1c9fa8a5f9005e42133eed82705bf8e243da371a5e5826440e65ca"},
    {file = "SQLAlchemy-1.4.31-cp38-cp38-win_amd64.whl", hash = "sha256:b7b20c88873675903d6438d8b33fba027997193e274b9367421e610d9da76c08"},
    {file = "SQLAlchemy-1.4.31-cp39-cp39-macosx_10_15_x86_64.whl", hash = "sha256:85e4c244e1de056d48dae466e9baf9437980c19fcde493e0db1a0a986e6d75b4"},
    {file = "SQLAlchemy-1.4.31-cp39-cp39-manylinux_2_17_aarch64.manylinux2014_aarch64.whl", hash = "sha256:e79e73d5ee24196d3057340e356e6254af4d10e1fc22d3207ea8342fc5ffb977"},
    {file = "SQLAlchemy-1.4.31-cp39-cp39-manylinux_2_5_x86_64.manylinux1_x86_64.manylinux_2_12_x86_64.manylinux2010_x86_64.whl", hash = "sha256:15a03261aa1e68f208e71ae3cd845b00063d242cbf8c87348a0c2c0fc6e1f2ac"},
    {file = "SQLAlchemy-1.4.31-cp39-cp39-manylinux_2_5_x86_64.manylinux1_x86_64.manylinux_2_17_x86_64.manylinux2014_x86_64.whl", hash = "sha256:0ddc5e5ccc0160e7ad190e5c61eb57560f38559e22586955f205e537cda26034"},
    {file = "SQLAlchemy-1.4.31-cp39-cp39-win32.whl", hash = "sha256:289465162b1fa1e7a982f8abe59d26a8331211cad4942e8031d2b7db1f75e649"},
    {file = "SQLAlchemy-1.4.31-cp39-cp39-win_amd64.whl", hash = "sha256:9e4fb2895b83993831ba2401b6404de953fdbfa9d7d4fa6a4756294a83bbc94f"},
    {file = "SQLAlchemy-1.4.31.tar.gz", hash = "sha256:582b59d1e5780a447aada22b461e50b404a9dc05768da1d87368ad8190468418"},
]
sqlalchemy-continuum = [
    {file = "SQLAlchemy-Continuum-1.3.12.tar.gz", hash = "sha256:ae51e5e7d300421b2270cb59413f6bbf5890ac3c9560995ac2dca1bc568033ba"},
    {file = "SQLAlchemy_Continuum-1.3.12-py3-none-any.whl", hash = "sha256:8829ae87677c4f0ac14f5e6a2dd29a4a02be82e875db33fc1e05abf36e75741e"},
]
sqlalchemy-utils = [
    {file = "SQLAlchemy-Utils-0.38.2.tar.gz", hash = "sha256:9e01d6d3fb52d3926fcd4ea4a13f3540701b751aced0316bff78264402c2ceb4"},
    {file = "SQLAlchemy_Utils-0.38.2-py3-none-any.whl", hash = "sha256:622235b1598f97300e4d08820ab024f5219c9a6309937a8b908093f487b4ba54"},
]
uk-postcode-utils = [
    {file = "uk-postcode-utils-1.1.tar.gz", hash = "sha256:d198638c6324807bd238c4b875165e850c01c26ec926223a82e0f0e5959c54b8"},
    {file = "uk_postcode_utils-1.1-py2.py3-none-any.whl", hash = "sha256:caefbfbf276986f1aa063b1cb55d810f5509f8ea6e5731da4db4451f462c23bf"},
]
urllib3 = [
    {file = "urllib3-1.26.8-py2.py3-none-any.whl", hash = "sha256:000ca7f471a233c2251c6c7023ee85305721bfdf18621ebff4fd17a8653427ed"},
    {file = "urllib3-1.26.8.tar.gz", hash = "sha256:0e7c33d9a63e7ddfcb86780aac87befc2fbddf46c58dbb487e0855f7ceec283c"},
]
werkzeug = [
    {file = "Werkzeug-2.0.3-py3-none-any.whl", hash = "sha256:1421ebfc7648a39a5c58c601b154165d05cf47a3cd0ccb70857cbdacf6c8f2b8"},
    {file = "Werkzeug-2.0.3.tar.gz", hash = "sha256:b863f8ff057c522164b6067c9e28b041161b4be5ba4d0daceeaa50a163822d3c"},
]
wtforms = [
    {file = "WTForms-3.0.1-py3-none-any.whl", hash = "sha256:837f2f0e0ca79481b92884962b914eba4e72b7a2daaf1f939c890ed0124b834b"},
    {file = "WTForms-3.0.1.tar.gz", hash = "sha256:6b351bbb12dd58af57ffef05bc78425d08d1914e0fd68ee14143b7ade023c5bc"},
]
